
Microsoft Visual Studio Solution File, Format Version 12.00
# Visual Studio Version 17
VisualStudioVersion = 17.14.36310.24 d17.14
MinimumVisualStudioVersion = 10.0.40219.1
Project("{FAE04EC0-301F-11D3-BF4B-00C04F79EFBC}") = "JobPortal", "JobPortal.csproj", "{1D310907-45F4-4693-AFCC-93B3B0797B82}"
EndProject
Project("{FAE04EC0-301F-11D3-BF4B-00C04F79EFBC}") = "JobPortal.DataAccess", "..\JobPortal.DataAccessLayer\JobPortal.DataAccess.csproj", "{CF89CE15-052E-42A5-9997-BDBF18C5790D}"
EndProject
Project("{FAE04EC0-301F-11D3-BF4B-00C04F79EFBC}") = "JobPortal.Dtos", "..\JobPortal.Dtos\JobPortal.Dtos.csproj", "{76A8A68B-E0ED-43F3-9B37-8C0644307479}"
EndProject
Project("{FAE04EC0-301F-11D3-BF4B-00C04F79EFBC}") = "JobPortal.Service", "..\JobPortal.Service\JobPortal.Service.csproj", "{9526D3A3-F1C6-4E84-8AAC-CB814F3CA95C}"
EndProject
Global
	GlobalSection(SolutionConfigurationPlatforms) = preSolution
		Debug|Any CPU = Debug|Any CPU
		Release|Any CPU = Release|Any CPU
	EndGlobalSection
	GlobalSection(ProjectConfigurationPlatforms) = postSolution
		{1D310907-45F4-4693-AFCC-93B3B0797B82}.Debug|Any CPU.ActiveCfg = Debug|Any CPU
		{1D310907-45F4-4693-AFCC-93B3B0797B82}.Debug|Any CPU.Build.0 = Debug|Any CPU
		{1D310907-45F4-4693-AFCC-93B3B0797B82}.Release|Any CPU.ActiveCfg = Release|Any CPU
		{1D310907-45F4-4693-AFCC-93B3B0797B82}.Release|Any CPU.Build.0 = Release|Any CPU
		{CF89CE15-052E-42A5-9997-BDBF18C5790D}.Debug|Any CPU.ActiveCfg = Debug|Any CPU
		{CF89CE15-052E-42A5-9997-BDBF18C5790D}.Debug|Any CPU.Build.0 = Debug|Any CPU
		{CF89CE15-052E-42A5-9997-BDBF18C5790D}.Release|Any CPU.ActiveCfg = Release|Any CPU
		{CF89CE15-052E-42A5-9997-BDBF18C5790D}.Release|Any CPU.Build.0 = Release|Any CPU
		{76A8A68B-E0ED-43F3-9B37-8C0644307479}.Debug|Any CPU.ActiveCfg = Debug|Any CPU
		{76A8A68B-E0ED-43F3-9B37-8C0644307479}.Debug|Any CPU.Build.0 = Debug|Any CPU
		{76A8A68B-E0ED-43F3-9B37-8C0644307479}.Release|Any CPU.ActiveCfg = Release|Any CPU
		{76A8A68B-E0ED-43F3-9B37-8C0644307479}.Release|Any CPU.Build.0 = Release|Any CPU
		{9526D3A3-F1C6-4E84-8AAC-CB814F3CA95C}.Debug|Any CPU.ActiveCfg = Debug|Any CPU
		{9526D3A3-F1C6-4E84-8AAC-CB814F3CA95C}.Debug|Any CPU.Build.0 = Debug|Any CPU
		{9526D3A3-F1C6-4E84-8AAC-CB814F3CA95C}.Release|Any CPU.ActiveCfg = Release|Any CPU
		{9526D3A3-F1C6-4E84-8AAC-CB814F3CA95C}.Release|Any CPU.Build.0 = Release|Any CPU
	EndGlobalSection
	GlobalSection(SolutionProperties) = preSolution
		HideSolutionNode = FALSE
	EndGlobalSection
	GlobalSection(ExtensibilityGlobals) = postSolution
		SolutionGuid = {DC18D15C-E683-4102-8075-9B95CFE8CD59}
	EndGlobalSection
EndGlobal
